
Microsoft Visual Studio Solution File, Format Version 12.00
# Visual Studio Version 16
VisualStudioVersion = 16.0.31729.503
MinimumVisualStudioVersion = 10.0.40219.1
Project("{FAE04EC0-301F-11D3-BF4B-00C04F79EFBC}") = "Window Sliding Problem", "Window Sliding Problem\Window Sliding Problem.csproj", "{AF798FA5-B79B-40B0-9700-7991D1B5C168}"
EndProject
Global
	GlobalSection(SolutionConfigurationPlatforms) = preSolution
		Debug|Any CPU = Debug|Any CPU
		Release|Any CPU = Release|Any CPU
	EndGlobalSection
	GlobalSection(ProjectConfigurationPlatforms) = postSolution
		{AF798FA5-B79B-40B0-9700-7991D1B5C168}.Debug|Any CPU.ActiveCfg = Debug|Any CPU
		{AF798FA5-B79B-40B0-9700-7991D1B5C168}.Debug|Any CPU.Build.0 = Debug|Any CPU
		{AF798FA5-B79B-40B0-9700-7991D1B5C168}.Release|Any CPU.ActiveCfg = Release|Any CPU
		{AF798FA5-B79B-40B0-9700-7991D1B5C168}.Release|Any CPU.Build.0 = Release|Any CPU
	EndGlobalSection
	GlobalSection(SolutionProperties) = preSolution
		HideSolutionNode = FALSE
	EndGlobalSection
	GlobalSection(ExtensibilityGlobals) = postSolution
		SolutionGuid = {D4A463F4-85FE-4664-B9C1-548B2ECFAFDF}
	EndGlobalSection
EndGlobal
